
Microsoft Visual Studio Solution File, Format Version 12.00
# Visual Studio Version 16
VisualStudioVersion = 16.0.29102.190
MinimumVisualStudioVersion = 10.0.40219.1
Project("{9A19103F-16F7-4668-BE54-9A1E7A4F7556}") = "Proflo-portal-backend", "Proflo-portal-backend.csproj", "{D06CCC5C-CC3B-46A6-BDFE-F506ED7FEDA2}"
EndProject
Global
	GlobalSection(SolutionConfigurationPlatforms) = preSolution
		Debug|Any CPU = Debug|Any CPU
		Release|Any CPU = Release|Any CPU
	EndGlobalSection
	GlobalSection(ProjectConfigurationPlatforms) = postSolution
		{D06CCC5C-CC3B-46A6-BDFE-F506ED7FEDA2}.Debug|Any CPU.ActiveCfg = Debug|Any CPU
		{D06CCC5C-CC3B-46A6-BDFE-F506ED7FEDA2}.Debug|Any CPU.Build.0 = Debug|Any CPU
		{D06CCC5C-CC3B-46A6-BDFE-F506ED7FEDA2}.Release|Any CPU.ActiveCfg = Release|Any CPU
		{D06CCC5C-CC3B-46A6-BDFE-F506ED7FEDA2}.Release|Any CPU.Build.0 = Release|Any CPU
	EndGlobalSection
	GlobalSection(SolutionProperties) = preSolution
		HideSolutionNode = FALSE
	EndGlobalSection
	GlobalSection(ExtensibilityGlobals) = postSolution
		SolutionGuid = {89608AF5-C8E6-4419-9374-0E7894F36BB9}
	EndGlobalSection
EndGlobal
